
Microsoft Visual Studio Solution File, Format Version 12.00
# Visual Studio 15
VisualStudioVersion = 15.0.26730.12
MinimumVisualStudioVersion = 10.0.40219.1
Project("{2150E333-8FDC-42A3-9474-1A3956D46DE8}") = "Engine", "Engine", "{C65F53C8-670B-4BFA-8AED-9688067D2B6B}"
EndProject
Project("{2150E333-8FDC-42A3-9474-1A3956D46DE8}") = "Games", "Games", "{FBABDCFE-55A1-44B4-B576-68DC6F920CE0}"
EndProject
Project("{8BC9CEB8-8B4A-11D0-8D11-00A0C91BC942}") = "UE4", "Intermediate\ProjectFiles\UE4.vcxproj", "{D67670FF-4DD1-496F-8BBC-AF84923B8775}"
EndProject
Project("{8BC9CEB8-8B4A-11D0-8D11-00A0C91BC942}") = "BuildingEscape", "Intermediate\ProjectFiles\BuildingEscape.vcxproj", "{19AEC1BF-2BF6-4586-879E-589DDC02F0D7}"
EndProject
Global
	GlobalSection(SolutionConfigurationPlatforms) = preSolution
		DebugGame Editor|HTML5 = DebugGame Editor|HTML5
		DebugGame Editor|Win32 = DebugGame Editor|Win32
		DebugGame Editor|Win64 = DebugGame Editor|Win64
		DebugGame|HTML5 = DebugGame|HTML5
		DebugGame|Win32 = DebugGame|Win32
		DebugGame|Win64 = DebugGame|Win64
		Development Editor|HTML5 = Development Editor|HTML5
		Development Editor|Win32 = Development Editor|Win32
		Development Editor|Win64 = Development Editor|Win64
		Development|HTML5 = Development|HTML5
		Development|Win32 = Development|Win32
		Development|Win64 = Development|Win64
		Shipping|HTML5 = Shipping|HTML5
		Shipping|Win32 = Shipping|Win32
		Shipping|Win64 = Shipping|Win64
	EndGlobalSection
	GlobalSection(ProjectConfigurationPlatforms) = postSolution
		{D67670FF-4DD1-496F-8BBC-AF84923B8775}.DebugGame Editor|HTML5.ActiveCfg = BuiltWithUnrealBuildTool|Win32
		{D67670FF-4DD1-496F-8BBC-AF84923B8775}.DebugGame Editor|HTML5.Build.0 = BuiltWithUnrealBuildTool|Win32
		{D67670FF-4DD1-496F-8BBC-AF84923B8775}.DebugGame Editor|Win32.ActiveCfg = BuiltWithUnrealBuildTool|Win32
		{D67670FF-4DD1-496F-8BBC-AF84923B8775}.DebugGame Editor|Win32.Build.0 = BuiltWithUnrealBuildTool|Win32
		{D67670FF-4DD1-496F-8BBC-AF84923B8775}.DebugGame Editor|Win64.ActiveCfg = BuiltWithUnrealBuildTool|Win32
		{D67670FF-4DD1-496F-8BBC-AF84923B8775}.DebugGame Editor|Win64.Build.0 = BuiltWithUnrealBuildTool|Win32
		{D67670FF-4DD1-496F-8BBC-AF84923B8775}.DebugGame|HTML5.ActiveCfg = BuiltWithUnrealBuildTool|Win32
		{D67670FF-4DD1-496F-8BBC-AF84923B8775}.DebugGame|HTML5.Build.0 = BuiltWithUnrealBuildTool|Win32
		{D67670FF-4DD1-496F-8BBC-AF84923B8775}.DebugGame|Win32.ActiveCfg = BuiltWithUnrealBuildTool|Win32
		{D67670FF-4DD1-496F-8BBC-AF84923B8775}.DebugGame|Win32.Build.0 = BuiltWithUnrealBuildTool|Win32
		{D67670FF-4DD1-496F-8BBC-AF84923B8775}.DebugGame|Win64.ActiveCfg = BuiltWithUnrealBuildTool|Win32
		{D67670FF-4DD1-496F-8BBC-AF84923B8775}.DebugGame|Win64.Build.0 = BuiltWithUnrealBuildTool|Win32
		{D67670FF-4DD1-496F-8BBC-AF84923B8775}.Development Editor|HTML5.ActiveCfg = BuiltWithUnrealBuildTool|Win32
		{D67670FF-4DD1-496F-8BBC-AF84923B8775}.Development Editor|HTML5.Build.0 = BuiltWithUnrealBuildTool|Win32
		{D67670FF-4DD1-496F-8BBC-AF84923B8775}.Development Editor|Win32.ActiveCfg = BuiltWithUnrealBuildTool|Win32
		{D67670FF-4DD1-496F-8BBC-AF84923B8775}.Development Editor|Win32.Build.0 = BuiltWithUnrealBuildTool|Win32
		{D67670FF-4DD1-496F-8BBC-AF84923B8775}.Development Editor|Win64.ActiveCfg = BuiltWithUnrealBuildTool|Win32
		{D67670FF-4DD1-496F-8BBC-AF84923B8775}.Development Editor|Win64.Build.0 = BuiltWithUnrealBuildTool|Win32
		{D67670FF-4DD1-496F-8BBC-AF84923B8775}.Development|HTML5.ActiveCfg = BuiltWithUnrealBuildTool|Win32
		{D67670FF-4DD1-496F-8BBC-AF84923B8775}.Development|HTML5.Build.0 = BuiltWithUnrealBuildTool|Win32
		{D67670FF-4DD1-496F-8BBC-AF84923B8775}.Development|Win32.ActiveCfg = BuiltWithUnrealBuildTool|Win32
		{D67670FF-4DD1-496F-8BBC-AF84923B8775}.Development|Win32.Build.0 = BuiltWithUnrealBuildTool|Win32
		{D67670FF-4DD1-496F-8BBC-AF84923B8775}.Development|Win64.ActiveCfg = BuiltWithUnrealBuildTool|Win32
		{D67670FF-4DD1-496F-8BBC-AF84923B8775}.Development|Win64.Build.0 = BuiltWithUnrealBuildTool|Win32
		{D67670FF-4DD1-496F-8BBC-AF84923B8775}.Shipping|HTML5.ActiveCfg = BuiltWithUnrealBuildTool|Win32
		{D67670FF-4DD1-496F-8BBC-AF84923B8775}.Shipping|HTML5.Build.0 = BuiltWithUnrealBuildTool|Win32
		{D67670FF-4DD1-496F-8BBC-AF84923B8775}.Shipping|Win32.ActiveCfg = BuiltWithUnrealBuildTool|Win32
		{D67670FF-4DD1-496F-8BBC-AF84923B8775}.Shipping|Win32.Build.0 = BuiltWithUnrealBuildTool|Win32
		{D67670FF-4DD1-496F-8BBC-AF84923B8775}.Shipping|Win64.ActiveCfg = BuiltWithUnrealBuildTool|Win32
		{D67670FF-4DD1-496F-8BBC-AF84923B8775}.Shipping|Win64.Build.0 = BuiltWithUnrealBuildTool|Win32
		{19AEC1BF-2BF6-4586-879E-589DDC02F0D7}.DebugGame Editor|HTML5.ActiveCfg = HTML5_DebugGame_Editor|Win32
		{19AEC1BF-2BF6-4586-879E-589DDC02F0D7}.DebugGame Editor|Win32.ActiveCfg = DebugGame_Editor|Win32
		{19AEC1BF-2BF6-4586-879E-589DDC02F0D7}.DebugGame Editor|Win64.ActiveCfg = DebugGame_Editor|x64
		{19AEC1BF-2BF6-4586-879E-589DDC02F0D7}.DebugGame Editor|Win64.Build.0 = DebugGame_Editor|x64
		{19AEC1BF-2BF6-4586-879E-589DDC02F0D7}.DebugGame|HTML5.ActiveCfg = HTML5_DebugGame_Game|Win32
		{19AEC1BF-2BF6-4586-879E-589DDC02F0D7}.DebugGame|HTML5.Build.0 = HTML5_DebugGame_Game|Win32
		{19AEC1BF-2BF6-4586-879E-589DDC02F0D7}.DebugGame|Win32.ActiveCfg = DebugGame_Game|Win32
		{19AEC1BF-2BF6-4586-879E-589DDC02F0D7}.DebugGame|Win32.Build.0 = DebugGame_Game|Win32
		{19AEC1BF-2BF6-4586-879E-589DDC02F0D7}.DebugGame|Win64.ActiveCfg = DebugGame_Game|x64
		{19AEC1BF-2BF6-4586-879E-589DDC02F0D7}.DebugGame|Win64.Build.0 = DebugGame_Game|x64
		{19AEC1BF-2BF6-4586-879E-589DDC02F0D7}.Development Editor|HTML5.ActiveCfg = HTML5_Development_Editor|Win32
		{19AEC1BF-2BF6-4586-879E-589DDC02F0D7}.Development Editor|Win32.ActiveCfg = Development_Editor|Win32
		{19AEC1BF-2BF6-4586-879E-589DDC02F0D7}.Development Editor|Win64.ActiveCfg = Development_Editor|x64
		{19AEC1BF-2BF6-4586-879E-589DDC02F0D7}.Development Editor|Win64.Build.0 = Development_Editor|x64
		{19AEC1BF-2BF6-4586-879E-589DDC02F0D7}.Development|HTML5.ActiveCfg = HTML5_Development_Game|Win32
		{19AEC1BF-2BF6-4586-879E-589DDC02F0D7}.Development|HTML5.Build.0 = HTML5_Development_Game|Win32
		{19AEC1BF-2BF6-4586-879E-589DDC02F0D7}.Development|Win32.ActiveCfg = Development_Game|Win32
		{19AEC1BF-2BF6-4586-879E-589DDC02F0D7}.Development|Win32.Build.0 = Development_Game|Win32
		{19AEC1BF-2BF6-4586-879E-589DDC02F0D7}.Development|Win64.ActiveCfg = Development_Game|x64
		{19AEC1BF-2BF6-4586-879E-589DDC02F0D7}.Development|Win64.Build.0 = Development_Game|x64
		{19AEC1BF-2BF6-4586-879E-589DDC02F0D7}.Shipping|HTML5.ActiveCfg = HTML5_Shipping_Game|Win32
		{19AEC1BF-2BF6-4586-879E-589DDC02F0D7}.Shipping|HTML5.Build.0 = HTML5_Shipping_Game|Win32
		{19AEC1BF-2BF6-4586-879E-589DDC02F0D7}.Shipping|Win32.ActiveCfg = Shipping_Game|Win32
		{19AEC1BF-2BF6-4586-879E-589DDC02F0D7}.Shipping|Win32.Build.0 = Shipping_Game|Win32
		{19AEC1BF-2BF6-4586-879E-589DDC02F0D7}.Shipping|Win64.ActiveCfg = Shipping_Game|x64
		{19AEC1BF-2BF6-4586-879E-589DDC02F0D7}.Shipping|Win64.Build.0 = Shipping_Game|x64
	EndGlobalSection
	GlobalSection(SolutionProperties) = preSolution
		HideSolutionNode = FALSE
	EndGlobalSection
	GlobalSection(NestedProjects) = preSolution
		{D67670FF-4DD1-496F-8BBC-AF84923B8775} = {C65F53C8-670B-4BFA-8AED-9688067D2B6B}
		{19AEC1BF-2BF6-4586-879E-589DDC02F0D7} = {FBABDCFE-55A1-44B4-B576-68DC6F920CE0}
	EndGlobalSection
	GlobalSection(ExtensibilityGlobals) = postSolution
		SolutionGuid = {7547F409-BBFB-44AF-A6C9-75FA0FA4255D}
	EndGlobalSection
EndGlobal
